golang.org/x/tools v0.0.0-20181102223251-96e9e165b75e h1:mWs/o39kL0UjStxJimqI7o6rKvqDZcAQxqnwG6lmxfc=
golang.org/x/tools v0.0.0-20181102223251-96e9e165b75e/go.mod h1:n7NCudcB/nEzxVGmLbDWY5pfWTLqBcC2KZ6jyYvM4mQ=
golang.org/x/tools v0.0.0-20181105230042-78dc5bac0cac h1:0Nb35Izc6T6Yz1iGmRc4cg14cxRaFjbjD4hWFI6JNJ8=
golang.org/x/tools v0.0.0-20181105230042-78dc5bac0cac/go.mod h1:n7NCudcB/nEzxVGmLbDWY5pfWTLqBcC2KZ6jyYvM4mQ=
